
Microsoft Visual Studio Solution File, Format Version 12.00
# Visual Studio 15
VisualStudioVersion = 15.0.28307.489
MinimumVisualStudioVersion = 10.0.40219.1
Project("{FAE04EC0-301F-11D3-BF4B-00C04F79EFBC}") = "MVCApp", "MVCApp\MVCApp.csproj", "{A6C26AD7-2C15-4AE4-812A-5D476A19E66D}"
EndProject
Project("{FAE04EC0-301F-11D3-BF4B-00C04F79EFBC}") = "MVCApp.Tests", "MVCApp.Tests\MVCApp.Tests.csproj", "{F86BA6BA-9458-42D2-B1B5-6D7F6855C7C7}"
EndProject
Global
	GlobalSection(SolutionConfigurationPlatforms) = preSolution
		Debug|Any CPU = Debug|Any CPU
		Release|Any CPU = Release|Any CPU
	EndGlobalSection
	GlobalSection(ProjectConfigurationPlatforms) = postSolution
		{A6C26AD7-2C15-4AE4-812A-5D476A19E66D}.Debug|Any CPU.ActiveCfg = Debug|Any CPU
		{A6C26AD7-2C15-4AE4-812A-5D476A19E66D}.Debug|Any CPU.Build.0 = Debug|Any CPU
		{A6C26AD7-2C15-4AE4-812A-5D476A19E66D}.Release|Any CPU.ActiveCfg = Release|Any CPU
		{A6C26AD7-2C15-4AE4-812A-5D476A19E66D}.Release|Any CPU.Build.0 = Release|Any CPU
		{F86BA6BA-9458-42D2-B1B5-6D7F6855C7C7}.Debug|Any CPU.ActiveCfg = Debug|Any CPU
		{F86BA6BA-9458-42D2-B1B5-6D7F6855C7C7}.Debug|Any CPU.Build.0 = Debug|Any CPU
		{F86BA6BA-9458-42D2-B1B5-6D7F6855C7C7}.Release|Any CPU.ActiveCfg = Release|Any CPU
		{F86BA6BA-9458-42D2-B1B5-6D7F6855C7C7}.Release|Any CPU.Build.0 = Release|Any CPU
	EndGlobalSection
	GlobalSection(SolutionProperties) = preSolution
		HideSolutionNode = FALSE
	EndGlobalSection
	GlobalSection(ExtensibilityGlobals) = postSolution
		SolutionGuid = {267567D2-AE00-4769-B3E5-CBE32E7E7DD6}
	EndGlobalSection
EndGlobal
